
Microsoft Visual Studio Solution File, Format Version 12.00
# Visual Studio Version 16
VisualStudioVersion = 16.0.31019.35
MinimumVisualStudioVersion = 10.0.40219.1
Project("{FAE04EC0-301F-11D3-BF4B-00C04F79EFBC}") = "EngineRev", "EngineRev\EngineRev.csproj", "{9913CE23-891B-451D-9550-1D7B15E59476}"
EndProject
Global
	GlobalSection(SolutionConfigurationPlatforms) = preSolution
		Debug|Any CPU = Debug|Any CPU
		Release|Any CPU = Release|Any CPU
	EndGlobalSection
	GlobalSection(ProjectConfigurationPlatforms) = postSolution
		{9913CE23-891B-451D-9550-1D7B15E59476}.Debug|Any CPU.ActiveCfg = Debug|Any CPU
		{9913CE23-891B-451D-9550-1D7B15E59476}.Debug|Any CPU.Build.0 = Debug|Any CPU
		{9913CE23-891B-451D-9550-1D7B15E59476}.Release|Any CPU.ActiveCfg = Release|Any CPU
		{9913CE23-891B-451D-9550-1D7B15E59476}.Release|Any CPU.Build.0 = Release|Any CPU
	EndGlobalSection
	GlobalSection(SolutionProperties) = preSolution
		HideSolutionNode = FALSE
	EndGlobalSection
	GlobalSection(ExtensibilityGlobals) = postSolution
		SolutionGuid = {4C5AA7D6-B4F4-499F-A428-BCE7EABC8FDB}
	EndGlobalSection
EndGlobal
